// !$*UTF8*$!
{
	archiveVersion = 1;
	classes = {
	};
	objectVersion = 50;
	objects = {

/* Begin PBXBuildFile section */
		5A0D1AC427FB2E7F0058D387 /* PomodoroAppApp.swift in Sources */ = {isa = PBXBuildFile; fileRef = 5A0D1AB127FB2E7E0058D387 /* PomodoroAppApp.swift */; };
		5A0D1AC527FB2E7F0058D387 /* PomodoroAppApp.swift in Sources */ = {isa = PBXBuildFile; fileRef = 5A0D1AB127FB2E7E0058D387 /* PomodoroAppApp.swift */; };
		5A0D1AC627FB2E7F0058D387 /* ContentView.swift in Sources */ = {isa = PBXBuildFile; fileRef = 5A0D1AB227FB2E7E0058D387 /* ContentView.swift */; };
		5A0D1AC727FB2E7F0058D387 /* ContentView.swift in Sources */ = {isa = PBXBuildFile; fileRef = 5A0D1AB227FB2E7E0058D387 /* ContentView.swift */; };
		5A0D1AC827FB2E7F0058D387 /* Assets.xcassets in Resources */ = {isa = PBXBuildFile; fileRef = 5A0D1AB327FB2E7F0058D387 /* Assets.xcassets */; };
		5A0D1AC927FB2E7F0058D387 /* Assets.xcassets in Resources */ = {isa = PBXBuildFile; fileRef = 5A0D1AB327FB2E7F0058D387 /* Assets.xcassets */; };
		5A0E1CD227FC0C860064C00E /* TimeBar.swift in Sources */ = {isa = PBXBuildFile; fileRef = 5A0E1CD127FC0C860064C00E /* TimeBar.swift */; };
		5A0E1CD327FC0C860064C00E /* TimeBar.swift in Sources */ = {isa = PBXBuildFile; fileRef = 5A0E1CD127FC0C860064C00E /* TimeBar.swift */; };
		5A0E1CDC27FC0F7C0064C00E /* TimeButtons.swift in Sources */ = {isa = PBXBuildFile; fileRef = 5A0E1CDB27FC0F7C0064C00E /* TimeButtons.swift */; };
		5A0E1CDD27FC0F7C0064C00E /* TimeButtons.swift in Sources */ = {isa = PBXBuildFile; fileRef = 5A0E1CDB27FC0F7C0064C00E /* TimeButtons.swift */; };
		5A0E1CE327FC243D0064C00E /* PomodoroModel.swift in Sources */ = {isa = PBXBuildFile; fileRef = 5A0E1CE227FC243D0064C00E /* PomodoroModel.swift */; };
		5A0E1CE427FC243D0064C00E /* PomodoroModel.swift in Sources */ = {isa = PBXBuildFile; fileRef = 5A0E1CE227FC243D0064C00E /* PomodoroModel.swift */; };
		5A3178E727FC48AA004DD3BC /* TimeLabel.swift in Sources */ = {isa = PBXBuildFile; fileRef = 5A3178E627FC48AA004DD3BC /* TimeLabel.swift */; };
		5A3178E827FC48AA004DD3BC /* TimeLabel.swift in Sources */ = {isa = PBXBuildFile; fileRef = 5A3178E627FC48AA004DD3BC /* TimeLabel.swift */; };
		5A4EB13727FF0270004DAEAF /* DarkMode.swift in Sources */ = {isa = PBXBuildFile; fileRef = 5A4EB13627FF0270004DAEAF /* DarkMode.swift */; };
		5A4EB13827FF0270004DAEAF /* DarkMode.swift in Sources */ = {isa = PBXBuildFile; fileRef = 5A4EB13627FF0270004DAEAF /* DarkMode.swift */; };
		5A6164DB27FDADAA00C28776 /* CustomModifier.swift in Sources */ = {isa = PBXBuildFile; fileRef = 5A6164DA27FDADAA00C28776 /* CustomModifier.swift */; };
		5A6164DC27FDADAA00C28776 /* CustomModifier.swift in Sources */ = {isa = PBXBuildFile; fileRef = 5A6164DA27FDADAA00C28776 /* CustomModifier.swift */; };
/* End PBXBuildFile section */

/* Begin PBXFileReference section */
		5A0D1AB127FB2E7E0058D387 /* PomodoroAppApp.swift */ = {isa = PBXFileReference; lastKnownFileType = sourcecode.swift; path = PomodoroAppApp.swift; sourceTree = "<group>"; };
		5A0D1AB227FB2E7E0058D387 /* ContentView.swift */ = {isa = PBXFileReference; lastKnownFileType = sourcecode.swift; path = ContentView.swift; sourceTree = "<group>"; };
		5A0D1AB327FB2E7F0058D387 /* Assets.xcassets */ = {isa = PBXFileReference; lastKnownFileType = folder.assetcatalog; path = Assets.xcassets; sourceTree = "<group>"; };
		5A0D1AB827FB2E7F0058D387 /* PomodoroApp.app */ = {isa = PBXFileReference; explicitFileType = wrapper.application; includeInIndex = 0; path = PomodoroApp.app; sourceTree = BUILT_PRODUCTS_DIR; };
		5A0D1ABB27FB2E7F0058D387 /* Info.plist */ = {isa = PBXFileReference; lastKnownFileType = text.plist.xml; path = Info.plist; sourceTree = "<group>"; };
		5A0D1AC027FB2E7F0058D387 /* PomodoroApp.app */ = {isa = PBXFileReference; explicitFileType = wrapper.application; includeInIndex = 0; path = PomodoroApp.app; sourceTree = BUILT_PRODUCTS_DIR; };
		5A0D1AC227FB2E7F0058D387 /* Info.plist */ = {isa = PBXFileReference; lastKnownFileType = text.plist.xml; path = Info.plist; sourceTree = "<group>"; };
		5A0D1AC327FB2E7F0058D387 /* macOS.entitlements */ = {isa = PBXFileReference; lastKnownFileType = text.plist.entitlements; path = macOS.entitlements; sourceTree = "<group>"; };
		5A0E1CD127FC0C860064C00E /* TimeBar.swift */ = {isa = PBXFileReference; lastKnownFileType = sourcecode.swift; path = TimeBar.swift; sourceTree = "<group>"; };
		5A0E1CDB27FC0F7C0064C00E /* TimeButtons.swift */ = {isa = PBXFileReference; lastKnownFileType = sourcecode.swift; path = TimeButtons.swift; sourceTree = "<group>"; };
		5A0E1CE227FC243D0064C00E /* PomodoroModel.swift */ = {isa = PBXFileReference; lastKnownFileType = sourcecode.swift; path = PomodoroModel.swift; sourceTree = "<group>"; };
		5A3178E627FC48AA004DD3BC /* TimeLabel.swift */ = {isa = PBXFileReference; fileEncoding = 4; lastKnownFileType = sourcecode.swift; path = TimeLabel.swift; sourceTree = "<group>"; };
		5A4EB13627FF0270004DAEAF /* DarkMode.swift */ = {isa = PBXFileReference; lastKnownFileType = sourcecode.swift; path = DarkMode.swift; sourceTree = "<group>"; };
		5A6164DA27FDADAA00C28776 /* CustomModifier.swift */ = {isa = PBXFileReference; lastKnownFileType = sourcecode.swift; path = CustomModifier.swift; sourceTree = "<group>"; };
/* End PBXFileReference section */

/* Begin PBXFrameworksBuildPhase section */
		5A0D1AB527FB2E7F0058D387 /* Frameworks */ = {
			isa = PBXFrameworksBuildPhase;
			buildActionMask = 2147483647;
			files = (
			);
			runOnlyForDeploymentPostprocessing = 0;
		};
		5A0D1ABD27FB2E7F0058D387 /* Frameworks */ = {
			isa = PBXFrameworksBuildPhase;
			buildActionMask = 2147483647;
			files = (
			);
			runOnlyForDeploymentPostprocessing = 0;
		};
/* End PBXFrameworksBuildPhase section */

/* Begin PBXGroup section */
		5A0D1AAB27FB2E7E0058D387 = {
			isa = PBXGroup;
			children = (
				5A0D1AB027FB2E7E0058D387 /* Shared */,
				5A0D1ABA27FB2E7F0058D387 /* iOS */,
				5A0D1AC127FB2E7F0058D387 /* macOS */,
				5A0D1AB927FB2E7F0058D387 /* Products */,
			);
			sourceTree = "<group>";
		};
		5A0D1AB027FB2E7E0058D387 /* Shared */ = {
			isa = PBXGroup;
			children = (
				5A0D1AB127FB2E7E0058D387 /* PomodoroAppApp.swift */,
				5A0E1CE927FC3F2F0064C00E /* Views */,
				5A0E1CEE27FC3F400064C00E /* Models */,
				5A0D1AB327FB2E7F0058D387 /* Assets.xcassets */,
			);
			path = Shared;
			sourceTree = "<group>";
		};
		5A0D1AB927FB2E7F0058D387 /* Products */ = {
			isa = PBXGroup;
			children = (
				5A0D1AB827FB2E7F0058D387 /* PomodoroApp.app */,
				5A0D1AC027FB2E7F0058D387 /* PomodoroApp.app */,
			);
			name = Products;
			sourceTree = "<group>";
		};
		5A0D1ABA27FB2E7F0058D387 /* iOS */ = {
			isa = PBXGroup;
			children = (
				5A0D1ABB27FB2E7F0058D387 /* Info.plist */,
			);
			path = iOS;
			sourceTree = "<group>";
		};
		5A0D1AC127FB2E7F0058D387 /* macOS */ = {
			isa = PBXGroup;
			children = (
				5A0D1AC227FB2E7F0058D387 /* Info.plist */,
				5A0D1AC327FB2E7F0058D387 /* macOS.entitlements */,
			);
			path = macOS;
			sourceTree = "<group>";
		};
		5A0E1CE927FC3F2F0064C00E /* Views */ = {
			isa = PBXGroup;
			children = (
				5A0D1AB227FB2E7E0058D387 /* ContentView.swift */,
				5A0E1CD127FC0C860064C00E /* TimeBar.swift */,
				5A0E1CDB27FC0F7C0064C00E /* TimeButtons.swift */,
				5A3178E627FC48AA004DD3BC /* TimeLabel.swift */,
				5A6164DA27FDADAA00C28776 /* CustomModifier.swift */,
				5A4EB13627FF0270004DAEAF /* DarkMode.swift */,
			);
			path = Views;
			sourceTree = "<group>";
		};
		5A0E1CEE27FC3F400064C00E /* Models */ = {
			isa = PBXGroup;
			children = (
				5A0E1CE227FC243D0064C00E /* PomodoroModel.swift */,
			);
			path = Models;
			sourceTree = "<group>";
		};
/* End PBXGroup section */

/* Begin PBXNativeTarget section */
		5A0D1AB727FB2E7F0058D387 /* PomodoroApp (iOS) */ = {
			isa = PBXNativeTarget;
			buildConfigurationList = 5A0D1ACC27FB2E7F0058D387 /* Build configuration list for PBXNativeTarget "PomodoroApp (iOS)" */;
			buildPhases = (
				5A0D1AB427FB2E7F0058D387 /* Sources */,
				5A0D1AB527FB2E7F0058D387 /* Frameworks */,
				5A0D1AB627FB2E7F0058D387 /* Resources */,
			);
			buildRules = (
			);
			dependencies = (
			);
			name = "PomodoroApp (iOS)";
			productName = "PomodoroApp (iOS)";
			productReference = 5A0D1AB827FB2E7F0058D387 /* PomodoroApp.app */;
			productType = "com.apple.product-type.application";
		};
		5A0D1ABF27FB2E7F0058D387 /* PomodoroApp (macOS) */ = {
			isa = PBXNativeTarget;
			buildConfigurationList = 5A0D1ACF27FB2E7F0058D387 /* Build configuration list for PBXNativeTarget "PomodoroApp (macOS)" */;
			buildPhases = (
				5A0D1ABC27FB2E7F0058D387 /* Sources */,
				5A0D1ABD27FB2E7F0058D387 /* Frameworks */,
				5A0D1ABE27FB2E7F0058D387 /* Resources */,
			);
			buildRules = (
			);
			dependencies = (
			);
			name = "PomodoroApp (macOS)";
			productName = "PomodoroApp (macOS)";
			productReference = 5A0D1AC027FB2E7F0058D387 /* PomodoroApp.app */;
			productType = "com.apple.product-type.application";
		};
/* End PBXNativeTarget section */

/* Begin PBXProject section */
		5A0D1AAC27FB2E7E0058D387 /* Project object */ = {
			isa = PBXProject;
			attributes = {
				LastSwiftUpdateCheck = 1240;
				LastUpgradeCheck = 1240;
				TargetAttributes = {
					5A0D1AB727FB2E7F0058D387 = {
						CreatedOnToolsVersion = 12.4;
					};
					5A0D1ABF27FB2E7F0058D387 = {
						CreatedOnToolsVersion = 12.4;
					};
				};
			};
			buildConfigurationList = 5A0D1AAF27FB2E7E0058D387 /* Build configuration list for PBXProject "PomodoroApp" */;
			compatibilityVersion = "Xcode 9.3";
			developmentRegion = en;
			hasScannedForEncodings = 0;
			knownRegions = (
				en,
				Base,
			);
			mainGroup = 5A0D1AAB27FB2E7E0058D387;
			productRefGroup = 5A0D1AB927FB2E7F0058D387 /* Products */;
			projectDirPath = "";
			projectRoot = "";
			targets = (
				5A0D1AB727FB2E7F0058D387 /* PomodoroApp (iOS) */,
				5A0D1ABF27FB2E7F0058D387 /* PomodoroApp (macOS) */,
			);
		};
/* End PBXProject section */

/* Begin PBXResourcesBuildPhase section */
		5A0D1AB627FB2E7F0058D387 /* Resources */ = {
			isa = PBXResourcesBuildPhase;
			buildActionMask = 2147483647;
			files = (
				5A0D1AC827FB2E7F0058D387 /* Assets.xcassets in Resources */,
			);
			runOnlyForDeploymentPostprocessing = 0;
		};
		5A0D1ABE27FB2E7F0058D387 /* Resources */ = {
			isa = PBXResourcesBuildPhase;
			buildActionMask = 2147483647;
			files = (
				5A0D1AC927FB2E7F0058D387 /* Assets.xcassets in Resources */,
			);
			runOnlyForDeploymentPostprocessing = 0;
		};
/* End PBXResourcesBuildPhase section */

/* Begin PBXSourcesBuildPhase section */
		5A0D1AB427FB2E7F0058D387 /* Sources */ = {
			isa = PBXSourcesBuildPhase;
			buildActionMask = 2147483647;
			files = (
				5A4EB13727FF0270004DAEAF /* DarkMode.swift in Sources */,
				5A0E1CE327FC243D0064C00E /* PomodoroModel.swift in Sources */,
				5A6164DB27FDADAA00C28776 /* CustomModifier.swift in Sources */,
				5A3178E727FC48AA004DD3BC /* TimeLabel.swift in Sources */,
				5A0E1CDC27FC0F7C0064C00E /* TimeButtons.swift in Sources */,
				5A0E1CD227FC0C860064C00E /* TimeBar.swift in Sources */,
				5A0D1AC627FB2E7F0058D387 /* ContentView.swift in Sources */,
				5A0D1AC427FB2E7F0058D387 /* PomodoroAppApp.swift in Sources */,
			);
			runOnlyForDeploymentPostprocessing = 0;
		};
		5A0D1ABC27FB2E7F0058D387 /* Sources */ = {
			isa = PBXSourcesBuildPhase;
			buildActionMask = 2147483647;
			files = (
				5A4EB13827FF0270004DAEAF /* DarkMode.swift in Sources */,
				5A0E1CE427FC243D0064C00E /* PomodoroModel.swift in Sources */,
				5A6164DC27FDADAA00C28776 /* CustomModifier.swift in Sources */,
				5A3178E827FC48AA004DD3BC /* TimeLabel.swift in Sources */,
				5A0E1CDD27FC0F7C0064C00E /* TimeButtons.swift in Sources */,
				5A0E1CD327FC0C860064C00E /* TimeBar.swift in Sources */,
				5A0D1AC727FB2E7F0058D387 /* ContentView.swift in Sources */,
				5A0D1AC527FB2E7F0058D387 /* PomodoroAppApp.swift in Sources */,
			);
			runOnlyForDeploymentPostprocessing = 0;
		};
/* End PBXSourcesBuildPhase section */

/* Begin XCBuildConfiguration section */
		5A0D1ACA27FB2E7F0058D387 /* Debug */ = {
			isa = XCBuildConfiguration;
			buildSettings = {
				ALWAYS_SEARCH_USER_PATHS = NO;
				CLANG_ANALYZER_NONNULL = YES;
				CLANG_ANALYZER_NUMBER_OBJECT_CONVERSION = YES_AGGRESSIVE;
				CLANG_CXX_LANGUAGE_STANDARD = "gnu++14";
				CLANG_CXX_LIBRARY = "libc++";
				CLANG_ENABLE_MODULES = YES;
				CLANG_ENABLE_OBJC_ARC = YES;
				CLANG_ENABLE_OBJC_WEAK = YES;
				CLANG_WARN_BLOCK_CAPTURE_AUTORELEASING = YES;
				CLANG_WARN_BOOL_CONVERSION = YES;
				CLANG_WARN_COMMA = YES;
				CLANG_WARN_CONSTANT_CONVERSION = YES;
				CLANG_WARN_DEPRECATED_OBJC_IMPLEMENTATIONS = YES;
				CLANG_WARN_DIRECT_OBJC_ISA_USAGE = YES_ERROR;
				CLANG_WARN_DOCUMENTATION_COMMENTS = YES;
				CLANG_WARN_EMPTY_BODY = YES;
				CLANG_WARN_ENUM_CONVERSION = YES;
				CLANG_WARN_INFINITE_RECURSION = YES;
				CLANG_WARN_INT_CONVERSION = YES;
				CLANG_WARN_NON_LITERAL_NULL_CONVERSION = YES;
				CLANG_WARN_OBJC_IMPLICIT_RETAIN_SELF = YES;
				CLANG_WARN_OBJC_LITERAL_CONVERSION = YES;
				CLANG_WARN_OBJC_ROOT_CLASS = YES_ERROR;
				CLANG_WARN_QUOTED_INCLUDE_IN_FRAMEWORK_HEADER = YES;
				CLANG_WARN_RANGE_LOOP_ANALYSIS = YES;
				CLANG_WARN_STRICT_PROTOTYPES = YES;
				CLANG_WARN_SUSPICIOUS_MOVE = YES;
				CLANG_WARN_UNGUARDED_AVAILABILITY = YES_AGGRESSIVE;
				CLANG_WARN_UNREACHABLE_CODE = YES;
				CLANG_WARN__DUPLICATE_METHOD_MATCH = YES;
				COPY_PHASE_STRIP = NO;
				DEBUG_INFORMATION_FORMAT = dwarf;
				ENABLE_STRICT_OBJC_MSGSEND = YES;
				ENABLE_TESTABILITY = YES;
				GCC_C_LANGUAGE_STANDARD = gnu11;
				GCC_DYNAMIC_NO_PIC = NO;
				GCC_NO_COMMON_BLOCKS = YES;
				GCC_OPTIMIZATION_LEVEL = 0;
				GCC_PREPROCESSOR_DEFINITIONS = (
					"DEBUG=1",
					"$(inherited)",
				);
				GCC_WARN_64_TO_32_BIT_CONVERSION = YES;
				GCC_WARN_ABOUT_RETURN_TYPE = YES_ERROR;
				GCC_WARN_UNDECLARED_SELECTOR = YES;
				GCC_WARN_UNINITIALIZED_AUTOS = YES_AGGRESSIVE;
				GCC_WARN_UNUSED_FUNCTION = YES;
				GCC_WARN_UNUSED_VARIABLE = YES;
				MTL_ENABLE_DEBUG_INFO = INCLUDE_SOURCE;
				MTL_FAST_MATH = YES;
				ONLY_ACTIVE_ARCH = YES;
				SWIFT_ACTIVE_COMPILATION_CONDITIONS = DEBUG;
				SWIFT_OPTIMIZATION_LEVEL = "-Onone";
			};
			name = Debug;
		};
		5A0D1ACB27FB2E7F0058D387 /* Release */ = {
			isa = XCBuildConfiguration;
			buildSettings = {
				ALWAYS_SEARCH_USER_PATHS = NO;
				CLANG_ANALYZER_NONNULL = YES;
				CLANG_ANALYZER_NUMBER_OBJECT_CONVERSION = YES_AGGRESSIVE;
				CLANG_CXX_LANGUAGE_STANDARD = "gnu++14";
				CLANG_CXX_LIBRARY = "libc++";
				CLANG_ENABLE_MODULES = YES;
				CLANG_ENABLE_OBJC_ARC = YES;
				CLANG_ENABLE_OBJC_WEAK = YES;
				CLANG_WARN_BLOCK_CAPTURE_AUTORELEASING = YES;
				CLANG_WARN_BOOL_CONVERSION = YES;
				CLANG_WARN_COMMA = YES;
				CLANG_WARN_CONSTANT_CONVERSION = YES;
				CLANG_WARN_DEPRECATED_OBJC_IMPLEMENTATIONS = YES;
				CLANG_WARN_DIRECT_OBJC_ISA_USAGE = YES_ERROR;
				CLANG_WARN_DOCUMENTATION_COMMENTS = YES;
				CLANG_WARN_EMPTY_BODY = YES;
				CLANG_WARN_ENUM_CONVERSION = YES;
				CLANG_WARN_INFINITE_RECURSION = YES;
				CLANG_WARN_INT_CONVERSION = YES;
				CLANG_WARN_NON_LITERAL_NULL_CONVERSION = YES;
				CLANG_WARN_OBJC_IMPLICIT_RETAIN_SELF = YES;
				CLANG_WARN_OBJC_LITERAL_CONVERSION = YES;
				CLANG_WARN_OBJC_ROOT_CLASS = YES_ERROR;
				CLANG_WARN_QUOTED_INCLUDE_IN_FRAMEWORK_HEADER = YES;
				CLANG_WARN_RANGE_LOOP_ANALYSIS = YES;
				CLANG_WARN_STRICT_PROTOTYPES = YES;
				CLANG_WARN_SUSPICIOUS_MOVE = YES;
				CLANG_WARN_UNGUARDED_AVAILABILITY = YES_AGGRESSIVE;
				CLANG_WARN_UNREACHABLE_CODE = YES;
				CLANG_WARN__DUPLICATE_METHOD_MATCH = YES;
				COPY_PHASE_STRIP = NO;
				DEBUG_INFORMATION_FORMAT = "dwarf-with-dsym";
				ENABLE_NS_ASSERTIONS = NO;
				ENABLE_STRICT_OBJC_MSGSEND = YES;
				GCC_C_LANGUAGE_STANDARD = gnu11;
				GCC_NO_COMMON_BLOCKS = YES;
				GCC_WARN_64_TO_32_BIT_CONVERSION = YES;
				GCC_WARN_ABOUT_RETURN_TYPE = YES_ERROR;
				GCC_WARN_UNDECLARED_SELECTOR = YES;
				GCC_WARN_UNINITIALIZED_AUTOS = YES_AGGRESSIVE;
				GCC_WARN_UNUSED_FUNCTION = YES;
				GCC_WARN_UNUSED_VARIABLE = YES;
				MTL_ENABLE_DEBUG_INFO = NO;
				MTL_FAST_MATH = YES;
				SWIFT_COMPILATION_MODE = wholemodule;
				SWIFT_OPTIMIZATION_LEVEL = "-O";
			};
			name = Release;
		};
		5A0D1ACD27FB2E7F0058D387 /* Debug */ = {
			isa = XCBuildConfiguration;
			buildSettings = {
				ASSETCATALOG_COMPILER_APPICON_NAME = AppIcon;
				ASSETCATALOG_COMPILER_GLOBAL_ACCENT_COLOR_NAME = AccentColor;
				CODE_SIGN_STYLE = Automatic;
				DEVELOPMENT_TEAM = Q3Y4N3PX89;
				ENABLE_PREVIEWS = YES;
				INFOPLIST_FILE = iOS/Info.plist;
				IPHONEOS_DEPLOYMENT_TARGET = 14.0;
				LD_RUNPATH_SEARCH_PATHS = (
					"$(inherited)",
					"@executable_path/Frameworks",
				);
				PRODUCT_BUNDLE_IDENTIFIER = com.heriemarie.PomodoroApp;
				PRODUCT_NAME = PomodoroApp;
				SDKROOT = iphoneos;
				SWIFT_VERSION = 5.0;
				TARGETED_DEVICE_FAMILY = "1,2";
			};
			name = Debug;
		};
		5A0D1ACE27FB2E7F0058D387 /* Release */ = {
			isa = XCBuildConfiguration;
			buildSettings = {
				ASSETCATALOG_COMPILER_APPICON_NAME = AppIcon;
				ASSETCATALOG_COMPILER_GLOBAL_ACCENT_COLOR_NAME = AccentColor;
				CODE_SIGN_STYLE = Automatic;
				DEVELOPMENT_TEAM = Q3Y4N3PX89;
				ENABLE_PREVIEWS = YES;
				INFOPLIST_FILE = iOS/Info.plist;
				IPHONEOS_DEPLOYMENT_TARGET = 14.0;
				LD_RUNPATH_SEARCH_PATHS = (
					"$(inherited)",
					"@executable_path/Frameworks",
				);
				PRODUCT_BUNDLE_IDENTIFIER = com.heriemarie.PomodoroApp;
				PRODUCT_NAME = PomodoroApp;
				SDKROOT = iphoneos;
				SWIFT_VERSION = 5.0;
				TARGETED_DEVICE_FAMILY = "1,2";
				VALIDATE_PRODUCT = YES;
			};
			name = Release;
		};
		5A0D1AD027FB2E7F0058D387 /* Debug */ = {
			isa = XCBuildConfiguration;
			buildSettings = {
				ASSETCATALOG_COMPILER_APPICON_NAME = AppIcon;
				ASSETCATALOG_COMPILER_GLOBAL_ACCENT_COLOR_NAME = AccentColor;
				CODE_SIGN_ENTITLEMENTS = macOS/macOS.entitlements;
				CODE_SIGN_STYLE = Automatic;
				COMBINE_HIDPI_IMAGES = YES;
				DEVELOPMENT_TEAM = Q3Y4N3PX89;
				ENABLE_HARDENED_RUNTIME = YES;
				ENABLE_PREVIEWS = YES;
				INFOPLIST_FILE = macOS/Info.plist;
				LD_RUNPATH_SEARCH_PATHS = (
					"$(inherited)",
					"@executable_path/../Frameworks",
				);
				MACOSX_DEPLOYMENT_TARGET = 11.0;
				PRODUCT_BUNDLE_IDENTIFIER = com.heriemarie.PomodoroApp;
				PRODUCT_NAME = PomodoroApp;
				SDKROOT = macosx;
				SWIFT_VERSION = 5.0;
			};
			name = Debug;
		};
		5A0D1AD127FB2E7F0058D387 /* Release */ = {
			isa = XCBuildConfiguration;
			buildSettings = {
				ASSETCATALOG_COMPILER_APPICON_NAME = AppIcon;
				ASSETCATALOG_COMPILER_GLOBAL_ACCENT_COLOR_NAME = AccentColor;
				CODE_SIGN_ENTITLEMENTS = macOS/macOS.entitlements;
				CODE_SIGN_STYLE = Automatic;
				COMBINE_HIDPI_IMAGES = YES;
				DEVELOPMENT_TEAM = Q3Y4N3PX89;
				ENABLE_HARDENED_RUNTIME = YES;
				ENABLE_PREVIEWS = YES;
				INFOPLIST_FILE = macOS/Info.plist;
				LD_RUNPATH_SEARCH_PATHS = (
					"$(inherited)",
					"@executable_path/../Frameworks",
				);
				MACOSX_DEPLOYMENT_TARGET = 11.0;
				PRODUCT_BUNDLE_IDENTIFIER = com.heriemarie.PomodoroApp;
				PRODUCT_NAME = PomodoroApp;
				SDKROOT = macosx;
				SWIFT_VERSION = 5.0;
			};
			name = Release;
		};
/* End XCBuildConfiguration section */

/* Begin XCConfigurationList section */
		5A0D1AAF27FB2E7E0058D387 /* Build configuration list for PBXProject "PomodoroApp" */ = {
			isa = XCConfigurationList;
			buildConfigurations = (
				5A0D1ACA27FB2E7F0058D387 /* Debug */,
				5A0D1ACB27FB2E7F0058D387 /* Release */,
			);
			defaultConfigurationIsVisible = 0;
			defaultConfigurationName = Release;
		};
		5A0D1ACC27FB2E7F0058D387 /* Build configuration list for PBXNativeTarget "PomodoroApp (iOS)" */ = {
			isa = XCConfigurationList;
			buildConfigurations = (
				5A0D1ACD27FB2E7F0058D387 /* Debug */,
				5A0D1ACE27FB2E7F0058D387 /* Release */,
			);
			defaultConfigurationIsVisible = 0;
			defaultConfigurationName = Release;
		};
		5A0D1ACF27FB2E7F0058D387 /* Build configuration list for PBXNativeTarget "PomodoroApp (macOS)" */ = {
			isa = XCConfigurationList;
			buildConfigurations = (
				5A0D1AD027FB2E7F0058D387 /* Debug */,
				5A0D1AD127FB2E7F0058D387 /* Release */,
			);
			defaultConfigurationIsVisible = 0;
			defaultConfigurationName = Release;
		};
/* End XCConfigurationList section */
	};
	rootObject = 5A0D1AAC27FB2E7E0058D387 /* Project object */;
}
